
Microsoft Visual Studio Solution File, Format Version 10.00
# Visual C# Express 2008
Project("{FAE04EC0-301F-11D3-BF4B-00C04F79EFBC}") = "AutomatedTests", "AutomatedTests.csproj", "{227FB991-A39E-4B16-8462-426CDED75843}"
EndProject
Global
	GlobalSection(SolutionConfigurationPlatforms) = preSolution
		Debug|x86 = Debug|x86
		Release|x86 = Release|x86
	EndGlobalSection
	GlobalSection(ProjectConfigurationPlatforms) = postSolution
		{227FB991-A39E-4B16-8462-426CDED75843}.Debug|x86.ActiveCfg = Debug|x86
		{227FB991-A39E-4B16-8462-426CDED75843}.Debug|x86.Build.0 = Debug|x86
		{227FB991-A39E-4B16-8462-426CDED75843}.Release|x86.ActiveCfg = Release|x86
		{227FB991-A39E-4B16-8462-426CDED75843}.Release|x86.Build.0 = Release|x86
	EndGlobalSection
	GlobalSection(SolutionProperties) = preSolution
		HideSolutionNode = FALSE
	EndGlobalSection
EndGlobal
